
Microsoft Visual Studio Solution File, Format Version 12.00
# Visual Studio Version 16
VisualStudioVersion = 16.0.31911.196
MinimumVisualStudioVersion = 10.0.40219.1
Project("{FAE04EC0-301F-11D3-BF4B-00C04F79EFBC}") = "TestProject1", "TestProject1\TestProject1.csproj", "{32CDF7FE-EC6A-4D4C-8C7A-EC73843D219D}"
EndProject
Global
	GlobalSection(SolutionConfigurationPlatforms) = preSolution
		Debug|Any CPU = Debug|Any CPU
		Release|Any CPU = Release|Any CPU
	EndGlobalSection
	GlobalSection(ProjectConfigurationPlatforms) = postSolution
		{32CDF7FE-EC6A-4D4C-8C7A-EC73843D219D}.Debug|Any CPU.ActiveCfg = Debug|Any CPU
		{32CDF7FE-EC6A-4D4C-8C7A-EC73843D219D}.Debug|Any CPU.Build.0 = Debug|Any CPU
		{32CDF7FE-EC6A-4D4C-8C7A-EC73843D219D}.Release|Any CPU.ActiveCfg = Release|Any CPU
		{32CDF7FE-EC6A-4D4C-8C7A-EC73843D219D}.Release|Any CPU.Build.0 = Release|Any CPU
	EndGlobalSection
	GlobalSection(SolutionProperties) = preSolution
		HideSolutionNode = FALSE
	EndGlobalSection
	GlobalSection(ExtensibilityGlobals) = postSolution
		SolutionGuid = {0D09A91E-125D-4E11-A3CC-AADCF2538592}
	EndGlobalSection
EndGlobal
